// !$*UTF8*$!
{
	archiveVersion = 1;
	classes = {
	};
	objectVersion = 46;
	objects = {

/* Begin PBXBuildFile section */
		C60483EE1D593B890024671D /* TravelWODTableViewCell.swift in Sources */ = {isa = PBXBuildFile; fileRef = C60483ED1D593B890024671D /* TravelWODTableViewCell.swift */; };
		C62FE8551D58F0DB005D5CC5 /* Workout.swift in Sources */ = {isa = PBXBuildFile; fileRef = C62FE8541D58F0DB005D5CC5 /* Workout.swift */; };
		C63059C11D5A66A0005C1F40 /* WorkoutDetailViewController.swift in Sources */ = {isa = PBXBuildFile; fileRef = C63059C01D5A66A0005C1F40 /* WorkoutDetailViewController.swift */; };
		C64BFD1D1D54F86D002C5502 /* AppDelegate.swift in Sources */ = {isa = PBXBuildFile; fileRef = C64BFD1C1D54F86D002C5502 /* AppDelegate.swift */; };
		C64BFD1F1D54F86D002C5502 /* FindBoxViewController.swift in Sources */ = {isa = PBXBuildFile; fileRef = C64BFD1E1D54F86D002C5502 /* FindBoxViewController.swift */; };
		C64BFD211D54F86D002C5502 /* TravelWODViewController.swift in Sources */ = {isa = PBXBuildFile; fileRef = C64BFD201D54F86D002C5502 /* TravelWODViewController.swift */; };
		C64BFD241D54F86D002C5502 /* Main.storyboard in Resources */ = {isa = PBXBuildFile; fileRef = C64BFD221D54F86D002C5502 /* Main.storyboard */; };
		C64BFD261D54F86D002C5502 /* Assets.xcassets in Resources */ = {isa = PBXBuildFile; fileRef = C64BFD251D54F86D002C5502 /* Assets.xcassets */; };
		C64BFD291D54F86D002C5502 /* LaunchScreen.storyboard in Resources */ = {isa = PBXBuildFile; fileRef = C64BFD271D54F86D002C5502 /* LaunchScreen.storyboard */; };
		C64BFD311D54F875002C5502 /* MapKit.framework in Frameworks */ = {isa = PBXBuildFile; fileRef = C64BFD301D54F875002C5502 /* MapKit.framework */; };
		C68A2D691D5936F3002D2A41 /* tw-aero.mp4 in Resources */ = {isa = PBXBuildFile; fileRef = C68A2D661D5936F3002D2A41 /* tw-aero.mp4 */; };
		C68A2D6A1D5936F3002D2A41 /* tw-couch.mp4 in Resources */ = {isa = PBXBuildFile; fileRef = C68A2D671D5936F3002D2A41 /* tw-couch.mp4 */; };
		C68A2D6B1D5936F3002D2A41 /* tw-wallwalk.mp4 in Resources */ = {isa = PBXBuildFile; fileRef = C68A2D681D5936F3002D2A41 /* tw-wallwalk.mp4 */; };
		C698BB501D58425C007E84D1 /* DESTRUCCION.ttf in Resources */ = {isa = PBXBuildFile; fileRef = C698BB4F1D58425C007E84D1 /* DESTRUCCION.ttf */; };
		C6D198461D57C5D900451F05 /* APIController.swift in Sources */ = {isa = PBXBuildFile; fileRef = C6D198451D57C5D900451F05 /* APIController.swift */; };
		C6D1984A1D57C5E900451F05 /* CustomBoxMKPointAnnotation.swift in Sources */ = {isa = PBXBuildFile; fileRef = C6D198471D57C5E900451F05 /* CustomBoxMKPointAnnotation.swift */; };
		C6D1984B1D57C5E900451F05 /* DataStorage.swift in Sources */ = {isa = PBXBuildFile; fileRef = C6D198481D57C5E900451F05 /* DataStorage.swift */; };
		C6D1984C1D57C5E900451F05 /* Box.swift in Sources */ = {isa = PBXBuildFile; fileRef = C6D198491D57C5E900451F05 /* Box.swift */; };
		C6D1984E1D57C5F700451F05 /* Constants.swift in Sources */ = {isa = PBXBuildFile; fileRef = C6D1984D1D57C5F700451F05 /* Constants.swift */; };
/* End PBXBuildFile section */

/* Begin PBXFileReference section */
		C60483ED1D593B890024671D /* TravelWODTableViewCell.swift */ = {isa = PBXFileReference; fileEncoding = 4; lastKnownFileType = sourcecode.swift; path = TravelWODTableViewCell.swift; sourceTree = "<group>"; };
		C62FE8541D58F0DB005D5CC5 /* Workout.swift */ = {isa = PBXFileReference; fileEncoding = 4; lastKnownFileType = sourcecode.swift; path = Workout.swift; sourceTree = "<group>"; };
		C63059C01D5A66A0005C1F40 /* WorkoutDetailViewController.swift */ = {isa = PBXFileReference; fileEncoding = 4; lastKnownFileType = sourcecode.swift; path = WorkoutDetailViewController.swift; sourceTree = "<group>"; };
		C64BFD191D54F86D002C5502 /* SwoleMate.app */ = {isa = PBXFileReference; explicitFileType = wrapper.application; includeInIndex = 0; path = SwoleMate.app; sourceTree = BUILT_PRODUCTS_DIR; };
		C64BFD1C1D54F86D002C5502 /* AppDelegate.swift */ = {isa = PBXFileReference; lastKnownFileType = sourcecode.swift; path = AppDelegate.swift; sourceTree = "<group>"; };
		C64BFD1E1D54F86D002C5502 /* FindBoxViewController.swift */ = {isa = PBXFileReference; lastKnownFileType = sourcecode.swift; path = FindBoxViewController.swift; sourceTree = "<group>"; };
		C64BFD201D54F86D002C5502 /* TravelWODViewController.swift */ = {isa = PBXFileReference; lastKnownFileType = sourcecode.swift; path = TravelWODViewController.swift; sourceTree = "<group>"; };
		C64BFD231D54F86D002C5502 /* Base */ = {isa = PBXFileReference; lastKnownFileType = file.storyboard; name = Base; path = Base.lproj/Main.storyboard; sourceTree = "<group>"; };
		C64BFD251D54F86D002C5502 /* Assets.xcassets */ = {isa = PBXFileReference; lastKnownFileType = folder.assetcatalog; path = Assets.xcassets; sourceTree = "<group>"; };
		C64BFD281D54F86D002C5502 /* Base */ = {isa = PBXFileReference; lastKnownFileType = file.storyboard; name = Base; path = Base.lproj/LaunchScreen.storyboard; sourceTree = "<group>"; };
		C64BFD2A1D54F86D002C5502 /* Info.plist */ = {isa = PBXFileReference; lastKnownFileType = text.plist.xml; path = Info.plist; sourceTree = "<group>"; };
		C64BFD301D54F875002C5502 /* MapKit.framework */ = {isa = PBXFileReference; lastKnownFileType = wrapper.framework; name = MapKit.framework; path = System/Library/Frameworks/MapKit.framework; sourceTree = SDKROOT; };
		C68A2D661D5936F3002D2A41 /* tw-aero.mp4 */ = {isa = PBXFileReference; lastKnownFileType = file; path = "tw-aero.mp4"; sourceTree = "<group>"; };
		C68A2D671D5936F3002D2A41 /* tw-couch.mp4 */ = {isa = PBXFileReference; lastKnownFileType = file; path = "tw-couch.mp4"; sourceTree = "<group>"; };
		C68A2D681D5936F3002D2A41 /* tw-wallwalk.mp4 */ = {isa = PBXFileReference; lastKnownFileType = file; path = "tw-wallwalk.mp4"; sourceTree = "<group>"; };
		C698BB4F1D58425C007E84D1 /* DESTRUCCION.ttf */ = {isa = PBXFileReference; lastKnownFileType = file; path = DESTRUCCION.ttf; sourceTree = "<group>"; };
		C6D198451D57C5D900451F05 /* APIController.swift */ = {isa = PBXFileReference; fileEncoding = 4; lastKnownFileType = sourcecode.swift; path = APIController.swift; sourceTree = "<group>"; };
		C6D198471D57C5E900451F05 /* CustomBoxMKPointAnnotation.swift */ = {isa = PBXFileReference; fileEncoding = 4; lastKnownFileType = sourcecode.swift; path = CustomBoxMKPointAnnotation.swift; sourceTree = "<group>"; };
		C6D198481D57C5E900451F05 /* DataStorage.swift */ = {isa = PBXFileReference; fileEncoding = 4; lastKnownFileType = sourcecode.swift; path = DataStorage.swift; sourceTree = "<group>"; };
		C6D198491D57C5E900451F05 /* Box.swift */ = {isa = PBXFileReference; fileEncoding = 4; lastKnownFileType = sourcecode.swift; path = Box.swift; sourceTree = "<group>"; };
		C6D1984D1D57C5F700451F05 /* Constants.swift */ = {isa = PBXFileReference; fileEncoding = 4; lastKnownFileType = sourcecode.swift; path = Constants.swift; sourceTree = "<group>"; };
/* End PBXFileReference section */

/* Begin PBXFrameworksBuildPhase section */
		C64BFD161D54F86D002C5502 /* Frameworks */ = {
			isa = PBXFrameworksBuildPhase;
			buildActionMask = 2147483647;
			files = (
				C64BFD311D54F875002C5502 /* MapKit.framework in Frameworks */,
			);
			runOnlyForDeploymentPostprocessing = 0;
		};
/* End PBXFrameworksBuildPhase section */

/* Begin PBXGroup section */
		C60483EF1D593B980024671D /* View */ = {
			isa = PBXGroup;
			children = (
				C60483ED1D593B890024671D /* TravelWODTableViewCell.swift */,
			);
			name = View;
			sourceTree = "<group>";
		};
		C60483F01D593BBB0024671D /* Supporting Files */ = {
			isa = PBXGroup;
			children = (
				C64BFD251D54F86D002C5502 /* Assets.xcassets */,
				C68A2D661D5936F3002D2A41 /* tw-aero.mp4 */,
				C68A2D671D5936F3002D2A41 /* tw-couch.mp4 */,
				C68A2D681D5936F3002D2A41 /* tw-wallwalk.mp4 */,
				C698BB4F1D58425C007E84D1 /* DESTRUCCION.ttf */,
			);
			name = "Supporting Files";
			sourceTree = "<group>";
		};
		C64BFD101D54F86D002C5502 = {
			isa = PBXGroup;
			children = (
				C64BFD301D54F875002C5502 /* MapKit.framework */,
				C64BFD1B1D54F86D002C5502 /* SwoleMate */,
				C64BFD1A1D54F86D002C5502 /* Products */,
			);
			sourceTree = "<group>";
		};
		C64BFD1A1D54F86D002C5502 /* Products */ = {
			isa = PBXGroup;
			children = (
				C64BFD191D54F86D002C5502 /* SwoleMate.app */,
			);
			name = Products;
			sourceTree = "<group>";
		};
		C64BFD1B1D54F86D002C5502 /* SwoleMate */ = {
			isa = PBXGroup;
			children = (
				C64BFD1C1D54F86D002C5502 /* AppDelegate.swift */,
				C6D1984D1D57C5F700451F05 /* Constants.swift */,
				C698BB4D1D583E74007E84D1 /* Model */,
				C60483EF1D593B980024671D /* View */,
				C698BB4E1D583E82007E84D1 /* Controller */,
				C64BFD221D54F86D002C5502 /* Main.storyboard */,
				C60483F01D593BBB0024671D /* Supporting Files */,
				C64BFD271D54F86D002C5502 /* LaunchScreen.storyboard */,
				C64BFD2A1D54F86D002C5502 /* Info.plist */,
			);
			path = SwoleMate;
			sourceTree = "<group>";
		};
		C698BB4D1D583E74007E84D1 /* Model */ = {
			isa = PBXGroup;
			children = (
				C6D198471D57C5E900451F05 /* CustomBoxMKPointAnnotation.swift */,
				C6D198481D57C5E900451F05 /* DataStorage.swift */,
				C6D198491D57C5E900451F05 /* Box.swift */,
				C62FE8541D58F0DB005D5CC5 /* Workout.swift */,
			);
			name = Model;
			sourceTree = "<group>";
		};
		C698BB4E1D583E82007E84D1 /* Controller */ = {
			isa = PBXGroup;
			children = (
				C64BFD1E1D54F86D002C5502 /* FindBoxViewController.swift */,
				C64BFD201D54F86D002C5502 /* TravelWODViewController.swift */,
				C63059C01D5A66A0005C1F40 /* WorkoutDetailViewController.swift */,
				C6D198451D57C5D900451F05 /* APIController.swift */,
			);
			name = Controller;
			sourceTree = "<group>";
		};
/* End PBXGroup section */

/* Begin PBXNativeTarget section */
		C64BFD181D54F86D002C5502 /* SwoleMate */ = {
			isa = PBXNativeTarget;
			buildConfigurationList = C64BFD2D1D54F86D002C5502 /* Build configuration list for PBXNativeTarget "SwoleMate" */;
			buildPhases = (
				C64BFD151D54F86D002C5502 /* Sources */,
				C64BFD161D54F86D002C5502 /* Frameworks */,
				C64BFD171D54F86D002C5502 /* Resources */,
			);
			buildRules = (
			);
			dependencies = (
			);
			name = SwoleMate;
			productName = SwoleMate;
			productReference = C64BFD191D54F86D002C5502 /* SwoleMate.app */;
			productType = "com.apple.product-type.application";
		};
/* End PBXNativeTarget section */

/* Begin PBXProject section */
		C64BFD111D54F86D002C5502 /* Project object */ = {
			isa = PBXProject;
			attributes = {
				LastSwiftUpdateCheck = 0730;
				LastUpgradeCheck = 0820;
				ORGANIZATIONNAME = "Dragoman Developers, LLC";
				TargetAttributes = {
					C64BFD181D54F86D002C5502 = {
						CreatedOnToolsVersion = 7.3.1;
						DevelopmentTeam = XYW89PFS48;
						LastSwiftMigration = 0820;
						SystemCapabilities = {
							com.apple.Maps.iOS = {
								enabled = 1;
							};
						};
					};
				};
			};
			buildConfigurationList = C64BFD141D54F86D002C5502 /* Build configuration list for PBXProject "SwoleMate" */;
			compatibilityVersion = "Xcode 3.2";
			developmentRegion = English;
			hasScannedForEncodings = 0;
			knownRegions = (
				en,
				Base,
			);
			mainGroup = C64BFD101D54F86D002C5502;
			productRefGroup = C64BFD1A1D54F86D002C5502 /* Products */;
			projectDirPath = "";
			projectRoot = "";
			targets = (
				C64BFD181D54F86D002C5502 /* SwoleMate */,
			);
		};
/* End PBXProject section */

/* Begin PBXResourcesBuildPhase section */
		C64BFD171D54F86D002C5502 /* Resources */ = {
			isa = PBXResourcesBuildPhase;
			buildActionMask = 2147483647;
			files = (
				C64BFD291D54F86D002C5502 /* LaunchScreen.storyboard in Resources */,
				C68A2D6A1D5936F3002D2A41 /* tw-couch.mp4 in Resources */,
				C68A2D6B1D5936F3002D2A41 /* tw-wallwalk.mp4 in Resources */,
				C64BFD261D54F86D002C5502 /* Assets.xcassets in Resources */,
				C698BB501D58425C007E84D1 /* DESTRUCCION.ttf in Resources */,
				C64BFD241D54F86D002C5502 /* Main.storyboard in Resources */,
				C68A2D691D5936F3002D2A41 /* tw-aero.mp4 in Resources */,
			);
			runOnlyForDeploymentPostprocessing = 0;
		};
/* End PBXResourcesBuildPhase section */

/* Begin PBXSourcesBuildPhase section */
		C64BFD151D54F86D002C5502 /* Sources */ = {
			isa = PBXSourcesBuildPhase;
			buildActionMask = 2147483647;
			files = (
				C6D1984A1D57C5E900451F05 /* CustomBoxMKPointAnnotation.swift in Sources */,
				C6D1984C1D57C5E900451F05 /* Box.swift in Sources */,
				C6D198461D57C5D900451F05 /* APIController.swift in Sources */,
				C64BFD211D54F86D002C5502 /* TravelWODViewController.swift in Sources */,
				C6D1984B1D57C5E900451F05 /* DataStorage.swift in Sources */,
				C62FE8551D58F0DB005D5CC5 /* Workout.swift in Sources */,
				C64BFD1D1D54F86D002C5502 /* AppDelegate.swift in Sources */,
				C64BFD1F1D54F86D002C5502 /* FindBoxViewController.swift in Sources */,
				C63059C11D5A66A0005C1F40 /* WorkoutDetailViewController.swift in Sources */,
				C60483EE1D593B890024671D /* TravelWODTableViewCell.swift in Sources */,
				C6D1984E1D57C5F700451F05 /* Constants.swift in Sources */,
			);
			runOnlyForDeploymentPostprocessing = 0;
		};
/* End PBXSourcesBuildPhase section */

/* Begin PBXVariantGroup section */
		C64BFD221D54F86D002C5502 /* Main.storyboard */ = {
			isa = PBXVariantGroup;
			children = (
				C64BFD231D54F86D002C5502 /* Base */,
			);
			name = Main.storyboard;
			sourceTree = "<group>";
		};
		C64BFD271D54F86D002C5502 /* LaunchScreen.storyboard */ = {
			isa = PBXVariantGroup;
			children = (
				C64BFD281D54F86D002C5502 /* Base */,
			);
			name = LaunchScreen.storyboard;
			sourceTree = "<group>";
		};
/* End PBXVariantGroup section */

/* Begin XCBuildConfiguration section */
		C64BFD2B1D54F86D002C5502 /* Debug */ = {
			isa = XCBuildConfiguration;
			buildSettings = {
				ALWAYS_SEARCH_USER_PATHS = NO;
				CLANG_ANALYZER_NONNULL = YES;
				CLANG_CXX_LANGUAGE_STANDARD = "gnu++0x";
				CLANG_CXX_LIBRARY = "libc++";
				CLANG_ENABLE_MODULES = YES;
				CLANG_ENABLE_OBJC_ARC = YES;
				CLANG_WARN_BOOL_CONVERSION = YES;
				CLANG_WARN_CONSTANT_CONVERSION = YES;
				CLANG_WARN_DIRECT_OBJC_ISA_USAGE = YES_ERROR;
				CLANG_WARN_EMPTY_BODY = YES;
				CLANG_WARN_ENUM_CONVERSION = YES;
				CLANG_WARN_INFINITE_RECURSION = YES;
				CLANG_WARN_INT_CONVERSION = YES;
				CLANG_WARN_OBJC_ROOT_CLASS = YES_ERROR;
				CLANG_WARN_SUSPICIOUS_MOVE = YES;
				CLANG_WARN_UNREACHABLE_CODE = YES;
				CLANG_WARN__DUPLICATE_METHOD_MATCH = YES;
				"CODE_SIGN_IDENTITY[sdk=iphoneos*]" = "iPhone Developer";
				COPY_PHASE_STRIP = NO;
				DEBUG_INFORMATION_FORMAT = dwarf;
				ENABLE_STRICT_OBJC_MSGSEND = YES;
				ENABLE_TESTABILITY = YES;
				GCC_C_LANGUAGE_STANDARD = gnu99;
				GCC_DYNAMIC_NO_PIC = NO;
				GCC_NO_COMMON_BLOCKS = YES;
				GCC_OPTIMIZATION_LEVEL = 0;
				GCC_PREPROCESSOR_DEFINITIONS = (
					"DEBUG=1",
					"$(inherited)",
				);
				GCC_WARN_64_TO_32_BIT_CONVERSION = YES;
				GCC_WARN_ABOUT_RETURN_TYPE = YES_ERROR;
				GCC_WARN_UNDECLARED_SELECTOR = YES;
				GCC_WARN_UNINITIALIZED_AUTOS = YES_AGGRESSIVE;
				GCC_WARN_UNUSED_FUNCTION = YES;
				GCC_WARN_UNUSED_VARIABLE = YES;
				IPHONEOS_DEPLOYMENT_TARGET = 9.3;
				MTL_ENABLE_DEBUG_INFO = YES;
				ONLY_ACTIVE_ARCH = YES;
				SDKROOT = iphoneos;
				SWIFT_OPTIMIZATION_LEVEL = "-Onone";
			};
			name = Debug;
		};
		C64BFD2C1D54F86D002C5502 /* Release */ = {
			isa = XCBuildConfiguration;
			buildSettings = {
				ALWAYS_SEARCH_USER_PATHS = NO;
				CLANG_ANALYZER_NONNULL = YES;
				CLANG_CXX_LANGUAGE_STANDARD = "gnu++0x";
				CLANG_CXX_LIBRARY = "libc++";
				CLANG_ENABLE_MODULES = YES;
				CLANG_ENABLE_OBJC_ARC = YES;
				CLANG_WARN_BOOL_CONVERSION = YES;
				CLANG_WARN_CONSTANT_CONVERSION = YES;
				CLANG_WARN_DIRECT_OBJC_ISA_USAGE = YES_ERROR;
				CLANG_WARN_EMPTY_BODY = YES;
				CLANG_WARN_ENUM_CONVERSION = YES;
				CLANG_WARN_INFINITE_RECURSION = YES;
				CLANG_WARN_INT_CONVERSION = YES;
				CLANG_WARN_OBJC_ROOT_CLASS = YES_ERROR;
				CLANG_WARN_SUSPICIOUS_MOVE = YES;
				CLANG_WARN_UNREACHABLE_CODE = YES;
				CLANG_WARN__DUPLICATE_METHOD_MATCH = YES;
				"CODE_SIGN_IDENTITY[sdk=iphoneos*]" = "iPhone Distribution";
				COPY_PHASE_STRIP = NO;
				DEBUG_INFORMATION_FORMAT = "dwarf-with-dsym";
				ENABLE_NS_ASSERTIONS = NO;
				ENABLE_STRICT_OBJC_MSGSEND = YES;
				GCC_C_LANGUAGE_STANDARD = gnu99;
				GCC_NO_COMMON_BLOCKS = YES;
				GCC_WARN_64_TO_32_BIT_CONVERSION = YES;
				GCC_WARN_ABOUT_RETURN_TYPE = YES_ERROR;
				GCC_WARN_UNDECLARED_SELECTOR = YES;
				GCC_WARN_UNINITIALIZED_AUTOS = YES_AGGRESSIVE;
				GCC_WARN_UNUSED_FUNCTION = YES;
				GCC_WARN_UNUSED_VARIABLE = YES;
				IPHONEOS_DEPLOYMENT_TARGET = 9.3;
				MTL_ENABLE_DEBUG_INFO = NO;
				SDKROOT = iphoneos;
				SWIFT_OPTIMIZATION_LEVEL = "-Owholemodule";
				VALIDATE_PRODUCT = YES;
			};
			name = Release;
		};
		C64BFD2E1D54F86D002C5502 /* Debug */ = {
			isa = XCBuildConfiguration;
			buildSettings = {
				ASSETCATALOG_COMPILER_APPICON_NAME = AppIcon;
				CODE_SIGN_IDENTITY = "iPhone Developer";
				INFOPLIST_FILE = SwoleMate/Info.plist;
				LD_RUNPATH_SEARCH_PATHS = "$(inherited) @executable_path/Frameworks";
				PRODUCT_BUNDLE_IDENTIFIER = com.dragomandevelopers.SwoleMate;
				PRODUCT_NAME = "$(TARGET_NAME)";
				SWIFT_VERSION = 3.0;
			};
			name = Debug;
		};
		C64BFD2F1D54F86D002C5502 /* Release */ = {
			isa = XCBuildConfiguration;
			buildSettings = {
				ASSETCATALOG_COMPILER_APPICON_NAME = AppIcon;
				CODE_SIGN_IDENTITY = "iPhone Developer";
				INFOPLIST_FILE = SwoleMate/Info.plist;
				LD_RUNPATH_SEARCH_PATHS = "$(inherited) @executable_path/Frameworks";
				PRODUCT_BUNDLE_IDENTIFIER = com.dragomandevelopers.SwoleMate;
				PRODUCT_NAME = "$(TARGET_NAME)";
				SWIFT_VERSION = 3.0;
			};
			name = Release;
		};
/* End XCBuildConfiguration section */

/* Begin XCConfigurationList section */
		C64BFD141D54F86D002C5502 /* Build configuration list for PBXProject "SwoleMate" */ = {
			isa = XCConfigurationList;
			buildConfigurations = (
				C64BFD2B1D54F86D002C5502 /* Debug */,
				C64BFD2C1D54F86D002C5502 /* Release */,
			);
			defaultConfigurationIsVisible = 0;
			defaultConfigurationName = Release;
		};
		C64BFD2D1D54F86D002C5502 /* Build configuration list for PBXNativeTarget "SwoleMate" */ = {
			isa = XCConfigurationList;
			buildConfigurations = (
				C64BFD2E1D54F86D002C5502 /* Debug */,
				C64BFD2F1D54F86D002C5502 /* Release */,
			);
			defaultConfigurationIsVisible = 0;
			defaultConfigurationName = Release;
		};
/* End XCConfigurationList section */
	};
	rootObject = C64BFD111D54F86D002C5502 /* Project object */;
}
